// !$*UTF8*$!
{
	archiveVersion = 1;
	classes = {
	};
	objectVersion = 46;
	objects = {

/* Begin PBXBuildFile section */
		E91327CD1F522C630087FA6C /* AppDelegate.swift in Sources */ = {isa = PBXBuildFile; fileRef = E91327CC1F522C630087FA6C /* AppDelegate.swift */; };
		E91327CF1F522C630087FA6C /* ViewController.swift in Sources */ = {isa = PBXBuildFile; fileRef = E91327CE1F522C630087FA6C /* ViewController.swift */; };
		E91327D21F522C630087FA6C /* Main.storyboard in Resources */ = {isa = PBXBuildFile; fileRef = E91327D01F522C630087FA6C /* Main.storyboard */; };
		E91327D41F522C630087FA6C /* Assets.xcassets in Resources */ = {isa = PBXBuildFile; fileRef = E91327D31F522C630087FA6C /* Assets.xcassets */; };
		E91327D71F522C630087FA6C /* LaunchScreen.storyboard in Resources */ = {isa = PBXBuildFile; fileRef = E91327D51F522C630087FA6C /* LaunchScreen.storyboard */; };
/* End PBXBuildFile section */

/* Begin PBXFileReference section */
		E91327C91F522C630087FA6C /* Dicce.app */ = {isa = PBXFileReference; explicitFileType = wrapper.application; includeInIndex = 0; path = Dicce.app; sourceTree = BUILT_PRODUCTS_DIR; };
		E91327CC1F522C630087FA6C /* AppDelegate.swift */ = {isa = PBXFileReference; lastKnownFileType = sourcecode.swift; path = AppDelegate.swift; sourceTree = "<group>"; };
		E91327CE1F522C630087FA6C /* ViewController.swift */ = {isa = PBXFileReference; lastKnownFileType = sourcecode.swift; path = ViewController.swift; sourceTree = "<group>"; };
		E91327D11F522C630087FA6C /* Base */ = {isa = PBXFileReference; lastKnownFileType = file.storyboard; name = Base; path = Base.lproj/Main.storyboard; sourceTree = "<group>"; };
		E91327D31F522C630087FA6C /* Assets.xcassets */ = {isa = PBXFileReference; lastKnownFileType = folder.assetcatalog; path = Assets.xcassets; sourceTree = "<group>"; };
		E91327D61F522C630087FA6C /* Base */ = {isa = PBXFileReference; lastKnownFileType = file.storyboard; name = Base; path = Base.lproj/LaunchScreen.storyboard; sourceTree = "<group>"; };
		E91327D81F522C630087FA6C /* Info.plist */ = {isa = PBXFileReference; lastKnownFileType = text.plist.xml; path = Info.plist; sourceTree = "<group>"; };
/* End PBXFileReference section */

/* Begin PBXFrameworksBuildPhase section */
		E91327C61F522C630087FA6C /* Frameworks */ = {
			isa = PBXFrameworksBuildPhase;
			buildActionMask = 2147483647;
			files = (
			);
			runOnlyForDeploymentPostprocessing = 0;
		};
/* End PBXFrameworksBuildPhase section */

/* Begin PBXGroup section */
		E91327C01F522C630087FA6C = {
			isa = PBXGroup;
			children = (
				E91327CB1F522C630087FA6C /* Dicce */,
				E91327CA1F522C630087FA6C /* Products */,
			);
			sourceTree = "<group>";
		};
		E91327CA1F522C630087FA6C /* Products */ = {
			isa = PBXGroup;
			children = (
				E91327C91F522C630087FA6C /* Dicce.app */,
			);
			name = Products;
			sourceTree = "<group>";
		};
		E91327CB1F522C630087FA6C /* Dicce */ = {
			isa = PBXGroup;
			children = (
				E91327CC1F522C630087FA6C /* AppDelegate.swift */,
				E91327CE1F522C630087FA6C /* ViewController.swift */,
				E91327D01F522C630087FA6C /* Main.storyboard */,
				E91327D31F522C630087FA6C /* Assets.xcassets */,
				E91327D51F522C630087FA6C /* LaunchScreen.storyboard */,
				E91327D81F522C630087FA6C /* Info.plist */,
			);
			path = Dicce;
			sourceTree = "<group>";
		};
/* End PBXGroup section */

/* Begin PBXNativeTarget section */
		E91327C81F522C630087FA6C /* Dicce */ = {
			isa = PBXNativeTarget;
			buildConfigurationList = E91327DB1F522C630087FA6C /* Build configuration list for PBXNativeTarget "Dicce" */;
			buildPhases = (
				E91327C51F522C630087FA6C /* Sources */,
				E91327C61F522C630087FA6C /* Frameworks */,
				E91327C71F522C630087FA6C /* Resources */,
			);
			buildRules = (
			);
			dependencies = (
			);
			name = Dicce;
			productName = Dicce;
			productReference = E91327C91F522C630087FA6C /* Dicce.app */;
			productType = "com.apple.product-type.application";
		};
/* End PBXNativeTarget section */

/* Begin PBXProject section */
		E91327C11F522C630087FA6C /* Project object */ = {
			isa = PBXProject;
			attributes = {
				LastSwiftUpdateCheck = 0830;
				LastUpgradeCheck = 0830;
				ORGANIZATIONNAME = "Erika Dibenedetto";
				TargetAttributes = {
					E91327C81F522C630087FA6C = {
						CreatedOnToolsVersion = 8.3.3;
						ProvisioningStyle = Automatic;
					};
				};
			};
			buildConfigurationList = E91327C41F522C630087FA6C /* Build configuration list for PBXProject "Dicce" */;
			compatibilityVersion = "Xcode 3.2";
			developmentRegion = English;
			hasScannedForEncodings = 0;
			knownRegions = (
				en,
				Base,
			);
			mainGroup = E91327C01F522C630087FA6C;
			productRefGroup = E91327CA1F522C630087FA6C /* Products */;
			projectDirPath = "";
			projectRoot = "";
			targets = (
				E91327C81F522C630087FA6C /* Dicce */,
			);
		};
/* End PBXProject section */

/* Begin PBXResourcesBuildPhase section */
		E91327C71F522C630087FA6C /* Resources */ = {
			isa = PBXResourcesBuildPhase;
			buildActionMask = 2147483647;
			files = (
				E91327D71F522C630087FA6C /* LaunchScreen.storyboard in Resources */,
				E91327D41F522C630087FA6C /* Assets.xcassets in Resources */,
				E91327D21F522C630087FA6C /* Main.storyboard in Resources */,
			);
			runOnlyForDeploymentPostprocessing = 0;
		};
/* End PBXResourcesBuildPhase section */

/* Begin PBXSourcesBuildPhase section */
		E91327C51F522C630087FA6C /* Sources */ = {
			isa = PBXSourcesBuildPhase;
			buildActionMask = 2147483647;
			files = (
				E91327CF1F522C630087FA6C /* ViewController.swift in Sources */,
				E91327CD1F522C630087FA6C /* AppDelegate.swift in Sources */,
			);
			runOnlyForDeploymentPostprocessing = 0;
		};
/* End PBXSourcesBuildPhase section */

/* Begin PBXVariantGroup section */
		E91327D01F522C630087FA6C /* Main.storyboard */ = {
			isa = PBXVariantGroup;
			children = (
				E91327D11F522C630087FA6C /* Base */,
			);
			name = Main.storyboard;
			sourceTree = "<group>";
		};
		E91327D51F522C630087FA6C /* LaunchScreen.storyboard */ = {
			isa = PBXVariantGroup;
			children = (
				E91327D61F522C630087FA6C /* Base */,
			);
			name = LaunchScreen.storyboard;
			sourceTree = "<group>";
		};
/* End PBXVariantGroup section */

/* Begin XCBuildConfiguration section */
		E91327D91F522C630087FA6C /* Debug */ = {
			isa = XCBuildConfiguration;
			buildSettings = {
				ALWAYS_SEARCH_USER_PATHS = NO;
				CLANG_ANALYZER_NONNULL = YES;
				CLANG_ANALYZER_NUMBER_OBJECT_CONVERSION = YES_AGGRESSIVE;
				CLANG_CXX_LANGUAGE_STANDARD = "gnu++0x";
				CLANG_CXX_LIBRARY = "libc++";
				CLANG_ENABLE_MODULES = YES;
				CLANG_ENABLE_OBJC_ARC = YES;
				CLANG_WARN_BOOL_CONVERSION = YES;
				CLANG_WARN_CONSTANT_CONVERSION = YES;
				CLANG_WARN_DIRECT_OBJC_ISA_USAGE = YES_ERROR;
				CLANG_WARN_DOCUMENTATION_COMMENTS = YES;
				CLANG_WARN_EMPTY_BODY = YES;
				CLANG_WARN_ENUM_CONVERSION = YES;
				CLANG_WARN_INFINITE_RECURSION = YES;
				CLANG_WARN_INT_CONVERSION = YES;
				CLANG_WARN_OBJC_ROOT_CLASS = YES_ERROR;
				CLANG_WARN_SUSPICIOUS_MOVE = YES;
				CLANG_WARN_UNREACHABLE_CODE = YES;
				CLANG_WARN__DUPLICATE_METHOD_MATCH = YES;
				"CODE_SIGN_IDENTITY[sdk=iphoneos*]" = "iPhone Developer";
				COPY_PHASE_STRIP = NO;
				DEBUG_INFORMATION_FORMAT = dwarf;
				ENABLE_STRICT_OBJC_MSGSEND = YES;
				ENABLE_TESTABILITY = YES;
				GCC_C_LANGUAGE_STANDARD = gnu99;
				GCC_DYNAMIC_NO_PIC = NO;
				GCC_NO_COMMON_BLOCKS = YES;
				GCC_OPTIMIZATION_LEVEL = 0;
				GCC_PREPROCESSOR_DEFINITIONS = (
					"DEBUG=1",
					"$(inherited)",
				);
				GCC_WARN_64_TO_32_BIT_CONVERSION = YES;
				GCC_WARN_ABOUT_RETURN_TYPE = YES_ERROR;
				GCC_WARN_UNDECLARED_SELECTOR = YES;
				GCC_WARN_UNINITIALIZED_AUTOS = YES_AGGRESSIVE;
				GCC_WARN_UNUSED_FUNCTION = YES;
				GCC_WARN_UNUSED_VARIABLE = YES;
				IPHONEOS_DEPLOYMENT_TARGET = 10.3;
				MTL_ENABLE_DEBUG_INFO = YES;
				ONLY_ACTIVE_ARCH = YES;
				SDKROOT = iphoneos;
				SWIFT_ACTIVE_COMPILATION_CONDITIONS = DEBUG;
				SWIFT_OPTIMIZATION_LEVEL = "-Onone";
			};
			name = Debug;
		};
		E91327DA1F522C630087FA6C /* Release */ = {
			isa = XCBuildConfiguration;
			buildSettings = {
				ALWAYS_SEARCH_USER_PATHS = NO;
				CLANG_ANALYZER_NONNULL = YES;
				CLANG_ANALYZER_NUMBER_OBJECT_CONVERSION = YES_AGGRESSIVE;
				CLANG_CXX_LANGUAGE_STANDARD = "gnu++0x";
				CLANG_CXX_LIBRARY = "libc++";
				CLANG_ENABLE_MODULES = YES;
				CLANG_ENABLE_OBJC_ARC = YES;
				CLANG_WARN_BOOL_CONVERSION = YES;
				CLANG_WARN_CONSTANT_CONVERSION = YES;
				CLANG_WARN_DIRECT_OBJC_ISA_USAGE = YES_ERROR;
				CLANG_WARN_DOCUMENTATION_COMMENTS = YES;
				CLANG_WARN_EMPTY_BODY = YES;
				CLANG_WARN_ENUM_CONVERSION = YES;
				CLANG_WARN_INFINITE_RECURSION = YES;
				CLANG_WARN_INT_CONVERSION = YES;
				CLANG_WARN_OBJC_ROOT_CLASS = YES_ERROR;
				CLANG_WARN_SUSPICIOUS_MOVE = YES;
				CLANG_WARN_UNREACHABLE_CODE = YES;
				CLANG_WARN__DUPLICATE_METHOD_MATCH = YES;
				"CODE_SIGN_IDENTITY[sdk=iphoneos*]" = "iPhone Developer";
				COPY_PHASE_STRIP = NO;
				DEBUG_INFORMATION_FORMAT = "dwarf-with-dsym";
				ENABLE_NS_ASSERTIONS = NO;
				ENABLE_STRICT_OBJC_MSGSEND = YES;
				GCC_C_LANGUAGE_STANDARD = gnu99;
				GCC_NO_COMMON_BLOCKS = YES;
				GCC_WARN_64_TO_32_BIT_CONVERSION = YES;
				GCC_WARN_ABOUT_RETURN_TYPE = YES_ERROR;
				GCC_WARN_UNDECLARED_SELECTOR = YES;
				GCC_WARN_UNINITIALIZED_AUTOS = YES_AGGRESSIVE;
				GCC_WARN_UNUSED_FUNCTION = YES;
				GCC_WARN_UNUSED_VARIABLE = YES;
				IPHONEOS_DEPLOYMENT_TARGET = 10.3;
				MTL_ENABLE_DEBUG_INFO = NO;
				SDKROOT = iphoneos;
				SWIFT_OPTIMIZATION_LEVEL = "-Owholemodule";
				VALIDATE_PRODUCT = YES;
			};
			name = Release;
		};
		E91327DC1F522C630087FA6C /* Debug */ = {
			isa = XCBuildConfiguration;
			buildSettings = {
				ASSETCATALOG_COMPILER_APPICON_NAME = AppIcon;
				INFOPLIST_FILE = Dicce/Info.plist;
				LD_RUNPATH_SEARCH_PATHS = "$(inherited) @executable_path/Frameworks";
				PRODUCT_BUNDLE_IDENTIFIER = com.erikadibenedetto.Dicce;
				PRODUCT_NAME = "$(TARGET_NAME)";
				SWIFT_VERSION = 3.0;
			};
			name = Debug;
		};
		E91327DD1F522C630087FA6C /* Release */ = {
			isa = XCBuildConfiguration;
			buildSettings = {
				ASSETCATALOG_COMPILER_APPICON_NAME = AppIcon;
				INFOPLIST_FILE = Dicce/Info.plist;
				LD_RUNPATH_SEARCH_PATHS = "$(inherited) @executable_path/Frameworks";
				PRODUCT_BUNDLE_IDENTIFIER = com.erikadibenedetto.Dicce;
				PRODUCT_NAME = "$(TARGET_NAME)";
				SWIFT_VERSION = 3.0;
			};
			name = Release;
		};
/* End XCBuildConfiguration section */

/* Begin XCConfigurationList section */
		E91327C41F522C630087FA6C /* Build configuration list for PBXProject "Dicce" */ = {
			isa = XCConfigurationList;
			buildConfigurations = (
				E91327D91F522C630087FA6C /* Debug */,
				E91327DA1F522C630087FA6C /* Release */,
			);
			defaultConfigurationIsVisible = 0;
			defaultConfigurationName = Release;
		};
		E91327DB1F522C630087FA6C /* Build configuration list for PBXNativeTarget "Dicce" */ = {
			isa = XCConfigurationList;
			buildConfigurations = (
				E91327DC1F522C630087FA6C /* Debug */,
				E91327DD1F522C630087FA6C /* Release */,
			);
			defaultConfigurationIsVisible = 0;
		};
/* End XCConfigurationList section */
	};
	rootObject = E91327C11F522C630087FA6C /* Project object */;
}
